
Microsoft Visual Studio Solution File, Format Version 12.00
# Visual Studio 14
VisualStudioVersion = 14.0.23107.0
MinimumVisualStudioVersion = 10.0.40219.1
Project("{8BC9CEB8-8B4A-11D0-8D11-00A0C91BC942}") = "data_table", "data_table.vcxproj", "{BC65D4ED-1869-4B5C-905A-B88346BE641E}"
EndProject
Project("{8BC9CEB8-8B4A-11D0-8D11-00A0C91BC942}") = "data_table_test", "data_table_test.vcxproj", "{CB476739-36A7-47D5-9DC4-83D77953EDC7}"
	ProjectSection(ProjectDependencies) = postProject
		{BC65D4ED-1869-4B5C-905A-B88346BE641E} = {BC65D4ED-1869-4B5C-905A-B88346BE641E}
	EndProjectSection
EndProject
Project("{8BC9CEB8-8B4A-11D0-8D11-00A0C91BC942}") = "expr_compiler", "expr_compiler.vcxproj", "{EBFE5381-7FCE-42FD-A8FC-B4C6DFE5E3A9}"
EndProject
Project("{8BC9CEB8-8B4A-11D0-8D11-00A0C91BC942}") = "expr_compiler_test", "expr_compiler_test.vcxproj", "{A647FA4D-F9AC-4E99-BEE4-4DE6E9B81FF4}"
EndProject
Global
	GlobalSection(SolutionConfigurationPlatforms) = preSolution
		Debug|x64 = Debug|x64
		Debug|x86 = Debug|x86
		Release|x64 = Release|x64
		Release|x86 = Release|x86
	EndGlobalSection
	GlobalSection(ProjectConfigurationPlatforms) = postSolution
		{BC65D4ED-1869-4B5C-905A-B88346BE641E}.Debug|x64.ActiveCfg = Debug|x64
		{BC65D4ED-1869-4B5C-905A-B88346BE641E}.Debug|x64.Build.0 = Debug|x64
		{BC65D4ED-1869-4B5C-905A-B88346BE641E}.Debug|x86.ActiveCfg = Debug|Win32
		{BC65D4ED-1869-4B5C-905A-B88346BE641E}.Debug|x86.Build.0 = Debug|Win32
		{BC65D4ED-1869-4B5C-905A-B88346BE641E}.Release|x64.ActiveCfg = Release|x64
		{BC65D4ED-1869-4B5C-905A-B88346BE641E}.Release|x64.Build.0 = Release|x64
		{BC65D4ED-1869-4B5C-905A-B88346BE641E}.Release|x86.ActiveCfg = Release|Win32
		{BC65D4ED-1869-4B5C-905A-B88346BE641E}.Release|x86.Build.0 = Release|Win32
		{CB476739-36A7-47D5-9DC4-83D77953EDC7}.Debug|x64.ActiveCfg = Debug|x64
		{CB476739-36A7-47D5-9DC4-83D77953EDC7}.Debug|x64.Build.0 = Debug|x64
		{CB476739-36A7-47D5-9DC4-83D77953EDC7}.Debug|x86.ActiveCfg = Debug|Win32
		{CB476739-36A7-47D5-9DC4-83D77953EDC7}.Debug|x86.Build.0 = Debug|Win32
		{CB476739-36A7-47D5-9DC4-83D77953EDC7}.Release|x64.ActiveCfg = Release|x64
		{CB476739-36A7-47D5-9DC4-83D77953EDC7}.Release|x64.Build.0 = Release|x64
		{CB476739-36A7-47D5-9DC4-83D77953EDC7}.Release|x86.ActiveCfg = Release|Win32
		{CB476739-36A7-47D5-9DC4-83D77953EDC7}.Release|x86.Build.0 = Release|Win32
		{EBFE5381-7FCE-42FD-A8FC-B4C6DFE5E3A9}.Debug|x64.ActiveCfg = Debug|x64
		{EBFE5381-7FCE-42FD-A8FC-B4C6DFE5E3A9}.Debug|x64.Build.0 = Debug|x64
		{EBFE5381-7FCE-42FD-A8FC-B4C6DFE5E3A9}.Debug|x86.ActiveCfg = Debug|Win32
		{EBFE5381-7FCE-42FD-A8FC-B4C6DFE5E3A9}.Debug|x86.Build.0 = Debug|Win32
		{EBFE5381-7FCE-42FD-A8FC-B4C6DFE5E3A9}.Release|x64.ActiveCfg = Release|x64
		{EBFE5381-7FCE-42FD-A8FC-B4C6DFE5E3A9}.Release|x64.Build.0 = Release|x64
		{EBFE5381-7FCE-42FD-A8FC-B4C6DFE5E3A9}.Release|x86.ActiveCfg = Release|Win32
		{EBFE5381-7FCE-42FD-A8FC-B4C6DFE5E3A9}.Release|x86.Build.0 = Release|Win32
		{A647FA4D-F9AC-4E99-BEE4-4DE6E9B81FF4}.Debug|x64.ActiveCfg = Debug|x64
		{A647FA4D-F9AC-4E99-BEE4-4DE6E9B81FF4}.Debug|x64.Build.0 = Debug|x64
		{A647FA4D-F9AC-4E99-BEE4-4DE6E9B81FF4}.Debug|x86.ActiveCfg = Debug|Win32
		{A647FA4D-F9AC-4E99-BEE4-4DE6E9B81FF4}.Debug|x86.Build.0 = Debug|Win32
		{A647FA4D-F9AC-4E99-BEE4-4DE6E9B81FF4}.Release|x64.ActiveCfg = Release|x64
		{A647FA4D-F9AC-4E99-BEE4-4DE6E9B81FF4}.Release|x64.Build.0 = Release|x64
		{A647FA4D-F9AC-4E99-BEE4-4DE6E9B81FF4}.Release|x86.ActiveCfg = Release|Win32
		{A647FA4D-F9AC-4E99-BEE4-4DE6E9B81FF4}.Release|x86.Build.0 = Release|Win32
	EndGlobalSection
	GlobalSection(SolutionProperties) = preSolution
		HideSolutionNode = FALSE
	EndGlobalSection
EndGlobal
