<?xml version="1.0" encoding="utf-8"?>
<Project ToolsVersion="4.0" xmlns="http://schemas.microsoft.com/developer/msbuild/2003">
  <ItemGroup>
    <Filter Include="source">
      <UniqueIdentifier>{08a647a3-0f04-4c6e-b573-0a18a4a3381a}</UniqueIdentifier>
    </Filter>
    <Filter Include="headers">
      <UniqueIdentifier>{0b55b81e-71fb-4205-b68d-a86eea6c7b8d}</UniqueIdentifier>
    </Filter>
  </ItemGroup>
  <ItemGroup>
    <ClInclude Include="$(SolutionDir)..\include\data_table\data_table.h">
      <Filter>headers</Filter>
    </ClInclude>
    <ClInclude Include="$(SolutionDir)..\include\data_table\data_table_column.h">
      <Filter>headers</Filter>
    </ClInclude>
    <ClInclude Include="$(SolutionDir)..\include\data_table\data_table_row.h">
      <Filter>headers</Filter>
    </ClInclude>
    <ClInclude Include="$(SolutionDir)..\include\data_table\data_table_where_iterator.h">
      <Filter>headers</Filter>
    </ClInclude>
    <ClInclude Include="$(SolutionDir)..\include\data_table\expr_datarow_adapter.h">
      <Filter>headers</Filter>
    </ClInclude>
    <ClInclude Include="$(SolutionDir)..\include\data_table\row_buffer.h">
      <Filter>headers</Filter>
    </ClInclude>
    <ClInclude Include="$(SolutionDir)..\include\data_table\data_table_types.h" />
    <ClInclude Include="..\..\include\data_table\expr_debug.h">
      <Filter>headers</Filter>
    </ClInclude>
  </ItemGroup>
  <ItemGroup>
    <None Include="date_table.shared.props" />
    <None Include="data_table.targets" />
  </ItemGroup>
  <ItemGroup>
    <ClCompile Include="..\..\src\row_buffer.cpp">
      <Filter>source</Filter>
    </ClCompile>
    <ClCompile Include="..\..\src\data_table_where.cpp">
      <Filter>source</Filter>
    </ClCompile>
  </ItemGroup>
</Project>